
Microsoft Visual Studio Solution File, Format Version 12.00
# Visual Studio Version 17
VisualStudioVersion = 17.2.32317.152
MinimumVisualStudioVersion = 10.0.40219.1
Project("{9A19103F-16F7-4668-BE54-9A1E7A4F7556}") = "amatsukazesender", "amatsukazesender\amatsukazesender.csproj", "{8FE3DB21-E589-48EB-9A21-39B9C75362AB}"
EndProject
Project("{FAE04EC0-301F-11D3-BF4B-00C04F79EFBC}") = "HashCompTest", "HashCompTest\HashCompTest.csproj", "{91C7BAA9-A83B-4617-A695-273BAE3301CD}"
EndProject
Global
	GlobalSection(SolutionConfigurationPlatforms) = preSolution
		Debug|Any CPU = Debug|Any CPU
		Release|Any CPU = Release|Any CPU
	EndGlobalSection
	GlobalSection(ProjectConfigurationPlatforms) = postSolution
		{8FE3DB21-E589-48EB-9A21-39B9C75362AB}.Debug|Any CPU.ActiveCfg = Debug|Any CPU
		{8FE3DB21-E589-48EB-9A21-39B9C75362AB}.Debug|Any CPU.Build.0 = Debug|Any CPU
		{8FE3DB21-E589-48EB-9A21-39B9C75362AB}.Release|Any CPU.ActiveCfg = Release|Any CPU
		{8FE3DB21-E589-48EB-9A21-39B9C75362AB}.Release|Any CPU.Build.0 = Release|Any CPU
		{91C7BAA9-A83B-4617-A695-273BAE3301CD}.Debug|Any CPU.ActiveCfg = Debug|Any CPU
		{91C7BAA9-A83B-4617-A695-273BAE3301CD}.Debug|Any CPU.Build.0 = Debug|Any CPU
		{91C7BAA9-A83B-4617-A695-273BAE3301CD}.Release|Any CPU.ActiveCfg = Release|Any CPU
		{91C7BAA9-A83B-4617-A695-273BAE3301CD}.Release|Any CPU.Build.0 = Release|Any CPU
	EndGlobalSection
	GlobalSection(SolutionProperties) = preSolution
		HideSolutionNode = FALSE
	EndGlobalSection
	GlobalSection(ExtensibilityGlobals) = postSolution
		SolutionGuid = {7523E137-205D-4661-9C8A-A248F3952EB3}
	EndGlobalSection
EndGlobal
